// !$*UTF8*$!
{
	archiveVersion = 1;
	classes = {
	};
	objectVersion = 56;
	objects = {

/* Begin PBXBuildFile section */
		818553E52BAC827700476DCD /* DummyAppApp.swift in Sources */ = {isa = PBXBuildFile; fileRef = 818553E42BAC827700476DCD /* DummyAppApp.swift */; };
		818553E72BAC827700476DCD /* ContentView.swift in Sources */ = {isa = PBXBuildFile; fileRef = 818553E62BAC827700476DCD /* ContentView.swift */; };
		818553EB2BAC827800476DCD /* Assets.xcassets in Resources */ = {isa = PBXBuildFile; fileRef = 818553EA2BAC827800476DCD /* Assets.xcassets */; };
		818553F62BAC868500476DCD /* CategoriesOverviewView.swift in Sources */ = {isa = PBXBuildFile; fileRef = 818553F52BAC868500476DCD /* CategoriesOverviewView.swift */; };
		818553F82BAC869600476DCD /* CategoryCardView.swift in Sources */ = {isa = PBXBuildFile; fileRef = 818553F72BAC869600476DCD /* CategoryCardView.swift */; };
		818553FA2BAC86A300476DCD /* CategoryDetailsView.swift in Sources */ = {isa = PBXBuildFile; fileRef = 818553F92BAC86A300476DCD /* CategoryDetailsView.swift */; };
		818553FC2BAC86B700476DCD /* ProductRowView.swift in Sources */ = {isa = PBXBuildFile; fileRef = 818553FB2BAC86B700476DCD /* ProductRowView.swift */; };
		818554002BAC899500476DCD /* Product.swift in Sources */ = {isa = PBXBuildFile; fileRef = 818553FF2BAC899500476DCD /* Product.swift */; };
		818554022BAC8CDD00476DCD /* CategoriesOverviewViewModel.swift in Sources */ = {isa = PBXBuildFile; fileRef = 818554012BAC8CDD00476DCD /* CategoriesOverviewViewModel.swift */; };
		818554042BAC8DFE00476DCD /* DummyAppAPIService.swift in Sources */ = {isa = PBXBuildFile; fileRef = 818554032BAC8DFE00476DCD /* DummyAppAPIService.swift */; };
		818554072BAC962F00476DCD /* Category.swift in Sources */ = {isa = PBXBuildFile; fileRef = 818554062BAC962F00476DCD /* Category.swift */; };
/* End PBXBuildFile section */

/* Begin PBXFileReference section */
		818553E12BAC827700476DCD /* DummyApp.app */ = {isa = PBXFileReference; explicitFileType = wrapper.application; includeInIndex = 0; path = DummyApp.app; sourceTree = BUILT_PRODUCTS_DIR; };
		818553E42BAC827700476DCD /* DummyAppApp.swift */ = {isa = PBXFileReference; lastKnownFileType = sourcecode.swift; path = DummyAppApp.swift; sourceTree = "<group>"; };
		818553E62BAC827700476DCD /* ContentView.swift */ = {isa = PBXFileReference; lastKnownFileType = sourcecode.swift; path = ContentView.swift; sourceTree = "<group>"; };
		818553EA2BAC827800476DCD /* Assets.xcassets */ = {isa = PBXFileReference; lastKnownFileType = folder.assetcatalog; path = Assets.xcassets; sourceTree = "<group>"; };
		818553EC2BAC827800476DCD /* DummyApp.entitlements */ = {isa = PBXFileReference; lastKnownFileType = text.plist.entitlements; path = DummyApp.entitlements; sourceTree = "<group>"; };
		818553F52BAC868500476DCD /* CategoriesOverviewView.swift */ = {isa = PBXFileReference; lastKnownFileType = sourcecode.swift; path = CategoriesOverviewView.swift; sourceTree = "<group>"; };
		818553F72BAC869600476DCD /* CategoryCardView.swift */ = {isa = PBXFileReference; lastKnownFileType = sourcecode.swift; path = CategoryCardView.swift; sourceTree = "<group>"; };
		818553F92BAC86A300476DCD /* CategoryDetailsView.swift */ = {isa = PBXFileReference; lastKnownFileType = sourcecode.swift; path = CategoryDetailsView.swift; sourceTree = "<group>"; };
		818553FB2BAC86B700476DCD /* ProductRowView.swift */ = {isa = PBXFileReference; lastKnownFileType = sourcecode.swift; path = ProductRowView.swift; sourceTree = "<group>"; };
		818553FF2BAC899500476DCD /* Product.swift */ = {isa = PBXFileReference; lastKnownFileType = sourcecode.swift; path = Product.swift; sourceTree = "<group>"; };
		818554012BAC8CDD00476DCD /* CategoriesOverviewViewModel.swift */ = {isa = PBXFileReference; lastKnownFileType = sourcecode.swift; path = CategoriesOverviewViewModel.swift; sourceTree = "<group>"; };
		818554032BAC8DFE00476DCD /* DummyAppAPIService.swift */ = {isa = PBXFileReference; lastKnownFileType = sourcecode.swift; path = DummyAppAPIService.swift; sourceTree = "<group>"; };
		818554062BAC962F00476DCD /* Category.swift */ = {isa = PBXFileReference; lastKnownFileType = sourcecode.swift; path = Category.swift; sourceTree = "<group>"; };
/* End PBXFileReference section */

/* Begin PBXFrameworksBuildPhase section */
		818553DE2BAC827700476DCD /* Frameworks */ = {
			isa = PBXFrameworksBuildPhase;
			buildActionMask = 2147483647;
			files = (
			);
			runOnlyForDeploymentPostprocessing = 0;
		};
/* End PBXFrameworksBuildPhase section */

/* Begin PBXGroup section */
		818553D82BAC827700476DCD = {
			isa = PBXGroup;
			children = (
				818553E32BAC827700476DCD /* DummyApp */,
				818553E22BAC827700476DCD /* Products */,
			);
			sourceTree = "<group>";
		};
		818553E22BAC827700476DCD /* Products */ = {
			isa = PBXGroup;
			children = (
				818553E12BAC827700476DCD /* DummyApp.app */,
			);
			name = Products;
			sourceTree = "<group>";
		};
		818553E32BAC827700476DCD /* DummyApp */ = {
			isa = PBXGroup;
			children = (
				818554102BACAB8500476DCD /* Views */,
				8185540B2BACA90D00476DCD /* Services */,
				8185540A2BACA90200476DCD /* Models */,
				818554092BACA8F900476DCD /* ViewModels */,
				818553EA2BAC827800476DCD /* Assets.xcassets */,
				818553E62BAC827700476DCD /* ContentView.swift */,
				818553EC2BAC827800476DCD /* DummyApp.entitlements */,
				818553E42BAC827700476DCD /* DummyAppApp.swift */,
			);
			path = DummyApp;
			sourceTree = "<group>";
		};
		818554092BACA8F900476DCD /* ViewModels */ = {
			isa = PBXGroup;
			children = (
				818554012BAC8CDD00476DCD /* CategoriesOverviewViewModel.swift */,
			);
			path = ViewModels;
			sourceTree = "<group>";
		};
		8185540A2BACA90200476DCD /* Models */ = {
			isa = PBXGroup;
			children = (
				818554062BAC962F00476DCD /* Category.swift */,
				818553FF2BAC899500476DCD /* Product.swift */,
			);
			path = Models;
			sourceTree = "<group>";
		};
		8185540B2BACA90D00476DCD /* Services */ = {
			isa = PBXGroup;
			children = (
				818554032BAC8DFE00476DCD /* DummyAppAPIService.swift */,
			);
			path = Services;
			sourceTree = "<group>";
		};
		818554102BACAB8500476DCD /* Views */ = {
			isa = PBXGroup;
			children = (
				818554112BACABD000476DCD /* Categories */,
				818554122BACABDC00476DCD /* Products */,
			);
			path = Views;
			sourceTree = "<group>";
		};
		818554112BACABD000476DCD /* Categories */ = {
			isa = PBXGroup;
			children = (
				818553F52BAC868500476DCD /* CategoriesOverviewView.swift */,
				818553F72BAC869600476DCD /* CategoryCardView.swift */,
				818553F92BAC86A300476DCD /* CategoryDetailsView.swift */,
			);
			path = Categories;
			sourceTree = "<group>";
		};
		818554122BACABDC00476DCD /* Products */ = {
			isa = PBXGroup;
			children = (
				818553FB2BAC86B700476DCD /* ProductRowView.swift */,
			);
			path = Products;
			sourceTree = "<group>";
		};
/* End PBXGroup section */

/* Begin PBXNativeTarget section */
		818553E02BAC827700476DCD /* DummyApp */ = {
			isa = PBXNativeTarget;
			buildConfigurationList = 818553F22BAC827800476DCD /* Build configuration list for PBXNativeTarget "DummyApp" */;
			buildPhases = (
				818553DD2BAC827700476DCD /* Sources */,
				818553DE2BAC827700476DCD /* Frameworks */,
				818553DF2BAC827700476DCD /* Resources */,
			);
			buildRules = (
			);
			dependencies = (
			);
			name = DummyApp;
			productName = DummyApp;
			productReference = 818553E12BAC827700476DCD /* DummyApp.app */;
			productType = "com.apple.product-type.application";
		};
/* End PBXNativeTarget section */

/* Begin PBXProject section */
		818553D92BAC827700476DCD /* Project object */ = {
			isa = PBXProject;
			attributes = {
				BuildIndependentTargetsInParallel = 1;
				LastSwiftUpdateCheck = 1530;
				LastUpgradeCheck = 1530;
				TargetAttributes = {
					818553E02BAC827700476DCD = {
						CreatedOnToolsVersion = 15.3;
					};
				};
			};
			buildConfigurationList = 818553DC2BAC827700476DCD /* Build configuration list for PBXProject "DummyApp" */;
			compatibilityVersion = "Xcode 14.0";
			developmentRegion = en;
			hasScannedForEncodings = 0;
			knownRegions = (
				en,
				Base,
			);
			mainGroup = 818553D82BAC827700476DCD;
			productRefGroup = 818553E22BAC827700476DCD /* Products */;
			projectDirPath = "";
			projectRoot = "";
			targets = (
				818553E02BAC827700476DCD /* DummyApp */,
			);
		};
/* End PBXProject section */

/* Begin PBXResourcesBuildPhase section */
		818553DF2BAC827700476DCD /* Resources */ = {
			isa = PBXResourcesBuildPhase;
			buildActionMask = 2147483647;
			files = (
				818553EB2BAC827800476DCD /* Assets.xcassets in Resources */,
			);
			runOnlyForDeploymentPostprocessing = 0;
		};
/* End PBXResourcesBuildPhase section */

/* Begin PBXSourcesBuildPhase section */
		818553DD2BAC827700476DCD /* Sources */ = {
			isa = PBXSourcesBuildPhase;
			buildActionMask = 2147483647;
			files = (
				818554022BAC8CDD00476DCD /* CategoriesOverviewViewModel.swift in Sources */,
				818554072BAC962F00476DCD /* Category.swift in Sources */,
				818553E72BAC827700476DCD /* ContentView.swift in Sources */,
				818554002BAC899500476DCD /* Product.swift in Sources */,
				818553F82BAC869600476DCD /* CategoryCardView.swift in Sources */,
				818553FC2BAC86B700476DCD /* ProductRowView.swift in Sources */,
				818553E52BAC827700476DCD /* DummyAppApp.swift in Sources */,
				818553F62BAC868500476DCD /* CategoriesOverviewView.swift in Sources */,
				818553FA2BAC86A300476DCD /* CategoryDetailsView.swift in Sources */,
				818554042BAC8DFE00476DCD /* DummyAppAPIService.swift in Sources */,
			);
			runOnlyForDeploymentPostprocessing = 0;
		};
/* End PBXSourcesBuildPhase section */

/* Begin XCBuildConfiguration section */
		818553F02BAC827800476DCD /* Debug */ = {
			isa = XCBuildConfiguration;
			buildSettings = {
				ALWAYS_SEARCH_USER_PATHS = NO;
				ASSETCATALOG_COMPILER_GENERATE_SWIFT_ASSET_SYMBOL_EXTENSIONS = YES;
				CLANG_ANALYZER_NONNULL = YES;
				CLANG_ANALYZER_NUMBER_OBJECT_CONVERSION = YES_AGGRESSIVE;
				CLANG_CXX_LANGUAGE_STANDARD = "gnu++20";
				CLANG_ENABLE_MODULES = YES;
				CLANG_ENABLE_OBJC_ARC = YES;
				CLANG_ENABLE_OBJC_WEAK = YES;
				CLANG_WARN_BLOCK_CAPTURE_AUTORELEASING = YES;
				CLANG_WARN_BOOL_CONVERSION = YES;
				CLANG_WARN_COMMA = YES;
				CLANG_WARN_CONSTANT_CONVERSION = YES;
				CLANG_WARN_DEPRECATED_OBJC_IMPLEMENTATIONS = YES;
				CLANG_WARN_DIRECT_OBJC_ISA_USAGE = YES_ERROR;
				CLANG_WARN_DOCUMENTATION_COMMENTS = YES;
				CLANG_WARN_EMPTY_BODY = YES;
				CLANG_WARN_ENUM_CONVERSION = YES;
				CLANG_WARN_INFINITE_RECURSION = YES;
				CLANG_WARN_INT_CONVERSION = YES;
				CLANG_WARN_NON_LITERAL_NULL_CONVERSION = YES;
				CLANG_WARN_OBJC_IMPLICIT_RETAIN_SELF = YES;
				CLANG_WARN_OBJC_LITERAL_CONVERSION = YES;
				CLANG_WARN_OBJC_ROOT_CLASS = YES_ERROR;
				CLANG_WARN_QUOTED_INCLUDE_IN_FRAMEWORK_HEADER = YES;
				CLANG_WARN_RANGE_LOOP_ANALYSIS = YES;
				CLANG_WARN_STRICT_PROTOTYPES = YES;
				CLANG_WARN_SUSPICIOUS_MOVE = YES;
				CLANG_WARN_UNGUARDED_AVAILABILITY = YES_AGGRESSIVE;
				CLANG_WARN_UNREACHABLE_CODE = YES;
				CLANG_WARN__DUPLICATE_METHOD_MATCH = YES;
				COPY_PHASE_STRIP = NO;
				DEBUG_INFORMATION_FORMAT = dwarf;
				ENABLE_STRICT_OBJC_MSGSEND = YES;
				ENABLE_TESTABILITY = YES;
				ENABLE_USER_SCRIPT_SANDBOXING = YES;
				GCC_C_LANGUAGE_STANDARD = gnu17;
				GCC_DYNAMIC_NO_PIC = NO;
				GCC_NO_COMMON_BLOCKS = YES;
				GCC_OPTIMIZATION_LEVEL = 0;
				GCC_PREPROCESSOR_DEFINITIONS = (
					"DEBUG=1",
					"$(inherited)",
				);
				GCC_WARN_64_TO_32_BIT_CONVERSION = YES;
				GCC_WARN_ABOUT_RETURN_TYPE = YES_ERROR;
				GCC_WARN_UNDECLARED_SELECTOR = YES;
				GCC_WARN_UNINITIALIZED_AUTOS = YES_AGGRESSIVE;
				GCC_WARN_UNUSED_FUNCTION = YES;
				GCC_WARN_UNUSED_VARIABLE = YES;
				LOCALIZATION_PREFERS_STRING_CATALOGS = YES;
				MTL_ENABLE_DEBUG_INFO = INCLUDE_SOURCE;
				MTL_FAST_MATH = YES;
				ONLY_ACTIVE_ARCH = YES;
				SWIFT_ACTIVE_COMPILATION_CONDITIONS = "DEBUG $(inherited)";
				SWIFT_OPTIMIZATION_LEVEL = "-Onone";
			};
			name = Debug;
		};
		818553F12BAC827800476DCD /* Release */ = {
			isa = XCBuildConfiguration;
			buildSettings = {
				ALWAYS_SEARCH_USER_PATHS = NO;
				ASSETCATALOG_COMPILER_GENERATE_SWIFT_ASSET_SYMBOL_EXTENSIONS = YES;
				CLANG_ANALYZER_NONNULL = YES;
				CLANG_ANALYZER_NUMBER_OBJECT_CONVERSION = YES_AGGRESSIVE;
				CLANG_CXX_LANGUAGE_STANDARD = "gnu++20";
				CLANG_ENABLE_MODULES = YES;
				CLANG_ENABLE_OBJC_ARC = YES;
				CLANG_ENABLE_OBJC_WEAK = YES;
				CLANG_WARN_BLOCK_CAPTURE_AUTORELEASING = YES;
				CLANG_WARN_BOOL_CONVERSION = YES;
				CLANG_WARN_COMMA = YES;
				CLANG_WARN_CONSTANT_CONVERSION = YES;
				CLANG_WARN_DEPRECATED_OBJC_IMPLEMENTATIONS = YES;
				CLANG_WARN_DIRECT_OBJC_ISA_USAGE = YES_ERROR;
				CLANG_WARN_DOCUMENTATION_COMMENTS = YES;
				CLANG_WARN_EMPTY_BODY = YES;
				CLANG_WARN_ENUM_CONVERSION = YES;
				CLANG_WARN_INFINITE_RECURSION = YES;
				CLANG_WARN_INT_CONVERSION = YES;
				CLANG_WARN_NON_LITERAL_NULL_CONVERSION = YES;
				CLANG_WARN_OBJC_IMPLICIT_RETAIN_SELF = YES;
				CLANG_WARN_OBJC_LITERAL_CONVERSION = YES;
				CLANG_WARN_OBJC_ROOT_CLASS = YES_ERROR;
				CLANG_WARN_QUOTED_INCLUDE_IN_FRAMEWORK_HEADER = YES;
				CLANG_WARN_RANGE_LOOP_ANALYSIS = YES;
				CLANG_WARN_STRICT_PROTOTYPES = YES;
				CLANG_WARN_SUSPICIOUS_MOVE = YES;
				CLANG_WARN_UNGUARDED_AVAILABILITY = YES_AGGRESSIVE;
				CLANG_WARN_UNREACHABLE_CODE = YES;
				CLANG_WARN__DUPLICATE_METHOD_MATCH = YES;
				COPY_PHASE_STRIP = NO;
				DEBUG_INFORMATION_FORMAT = "dwarf-with-dsym";
				ENABLE_NS_ASSERTIONS = NO;
				ENABLE_STRICT_OBJC_MSGSEND = YES;
				ENABLE_USER_SCRIPT_SANDBOXING = YES;
				GCC_C_LANGUAGE_STANDARD = gnu17;
				GCC_NO_COMMON_BLOCKS = YES;
				GCC_WARN_64_TO_32_BIT_CONVERSION = YES;
				GCC_WARN_ABOUT_RETURN_TYPE = YES_ERROR;
				GCC_WARN_UNDECLARED_SELECTOR = YES;
				GCC_WARN_UNINITIALIZED_AUTOS = YES_AGGRESSIVE;
				GCC_WARN_UNUSED_FUNCTION = YES;
				GCC_WARN_UNUSED_VARIABLE = YES;
				LOCALIZATION_PREFERS_STRING_CATALOGS = YES;
				MTL_ENABLE_DEBUG_INFO = NO;
				MTL_FAST_MATH = YES;
				SWIFT_COMPILATION_MODE = wholemodule;
			};
			name = Release;
		};
		818553F32BAC827800476DCD /* Debug */ = {
			isa = XCBuildConfiguration;
			buildSettings = {
				ASSETCATALOG_COMPILER_APPICON_NAME = AppIcon;
				ASSETCATALOG_COMPILER_GLOBAL_ACCENT_COLOR_NAME = AccentColor;
				CODE_SIGN_ENTITLEMENTS = DummyApp/DummyApp.entitlements;
				CODE_SIGN_STYLE = Automatic;
				CURRENT_PROJECT_VERSION = 1;
				DEVELOPMENT_TEAM = "";
				ENABLE_HARDENED_RUNTIME = YES;
				ENABLE_PREVIEWS = YES;
				GENERATE_INFOPLIST_FILE = YES;
				"INFOPLIST_KEY_UIApplicationSceneManifest_Generation[sdk=iphoneos*]" = YES;
				"INFOPLIST_KEY_UIApplicationSceneManifest_Generation[sdk=iphonesimulator*]" = YES;
				"INFOPLIST_KEY_UIApplicationSupportsIndirectInputEvents[sdk=iphoneos*]" = YES;
				"INFOPLIST_KEY_UIApplicationSupportsIndirectInputEvents[sdk=iphonesimulator*]" = YES;
				"INFOPLIST_KEY_UILaunchScreen_Generation[sdk=iphoneos*]" = YES;
				"INFOPLIST_KEY_UILaunchScreen_Generation[sdk=iphonesimulator*]" = YES;
				"INFOPLIST_KEY_UIStatusBarStyle[sdk=iphoneos*]" = UIStatusBarStyleDefault;
				"INFOPLIST_KEY_UIStatusBarStyle[sdk=iphonesimulator*]" = UIStatusBarStyleDefault;
				IPHONEOS_DEPLOYMENT_TARGET = 17.4;
				LD_RUNPATH_SEARCH_PATHS = "@executable_path/Frameworks";
				"LD_RUNPATH_SEARCH_PATHS[sdk=macosx*]" = "@executable_path/../Frameworks";
				MACOSX_DEPLOYMENT_TARGET = 14.0;
				MARKETING_VERSION = 1.0;
				PRODUCT_BUNDLE_IDENTIFIER = gilyerm.DummyApp;
				PRODUCT_NAME = "$(TARGET_NAME)";
				SDKROOT = auto;
				SUPPORTED_PLATFORMS = "iphoneos iphonesimulator";
				SUPPORTS_MACCATALYST = NO;
				SWIFT_EMIT_LOC_STRINGS = YES;
				SWIFT_VERSION = 5.0;
				TARGETED_DEVICE_FAMILY = "1,2";
			};
			name = Debug;
		};
		818553F42BAC827800476DCD /* Release */ = {
			isa = XCBuildConfiguration;
			buildSettings = {
				ASSETCATALOG_COMPILER_APPICON_NAME = AppIcon;
				ASSETCATALOG_COMPILER_GLOBAL_ACCENT_COLOR_NAME = AccentColor;
				CODE_SIGN_ENTITLEMENTS = DummyApp/DummyApp.entitlements;
				CODE_SIGN_STYLE = Automatic;
				CURRENT_PROJECT_VERSION = 1;
				DEVELOPMENT_TEAM = "";
				ENABLE_HARDENED_RUNTIME = YES;
				ENABLE_PREVIEWS = YES;
				GENERATE_INFOPLIST_FILE = YES;
				"INFOPLIST_KEY_UIApplicationSceneManifest_Generation[sdk=iphoneos*]" = YES;
				"INFOPLIST_KEY_UIApplicationSceneManifest_Generation[sdk=iphonesimulator*]" = YES;
				"INFOPLIST_KEY_UIApplicationSupportsIndirectInputEvents[sdk=iphoneos*]" = YES;
				"INFOPLIST_KEY_UIApplicationSupportsIndirectInputEvents[sdk=iphonesimulator*]" = YES;
				"INFOPLIST_KEY_UILaunchScreen_Generation[sdk=iphoneos*]" = YES;
				"INFOPLIST_KEY_UILaunchScreen_Generation[sdk=iphonesimulator*]" = YES;
				"INFOPLIST_KEY_UIStatusBarStyle[sdk=iphoneos*]" = UIStatusBarStyleDefault;
				"INFOPLIST_KEY_UIStatusBarStyle[sdk=iphonesimulator*]" = UIStatusBarStyleDefault;
				IPHONEOS_DEPLOYMENT_TARGET = 17.4;
				LD_RUNPATH_SEARCH_PATHS = "@executable_path/Frameworks";
				"LD_RUNPATH_SEARCH_PATHS[sdk=macosx*]" = "@executable_path/../Frameworks";
				MACOSX_DEPLOYMENT_TARGET = 14.0;
				MARKETING_VERSION = 1.0;
				PRODUCT_BUNDLE_IDENTIFIER = gilyerm.DummyApp;
				PRODUCT_NAME = "$(TARGET_NAME)";
				SDKROOT = auto;
				SUPPORTED_PLATFORMS = "iphoneos iphonesimulator";
				SUPPORTS_MACCATALYST = NO;
				SWIFT_EMIT_LOC_STRINGS = YES;
				SWIFT_VERSION = 5.0;
				TARGETED_DEVICE_FAMILY = "1,2";
			};
			name = Release;
		};
/* End XCBuildConfiguration section */

/* Begin XCConfigurationList section */
		818553DC2BAC827700476DCD /* Build configuration list for PBXProject "DummyApp" */ = {
			isa = XCConfigurationList;
			buildConfigurations = (
				818553F02BAC827800476DCD /* Debug */,
				818553F12BAC827800476DCD /* Release */,
			);
			defaultConfigurationIsVisible = 0;
			defaultConfigurationName = Release;
		};
		818553F22BAC827800476DCD /* Build configuration list for PBXNativeTarget "DummyApp" */ = {
			isa = XCConfigurationList;
			buildConfigurations = (
				818553F32BAC827800476DCD /* Debug */,
				818553F42BAC827800476DCD /* Release */,
			);
			defaultConfigurationIsVisible = 0;
			defaultConfigurationName = Release;
		};
/* End XCConfigurationList section */
	};
	rootObject = 818553D92BAC827700476DCD /* Project object */;
}
